PODS:
  - TapSwiftFixesV2 (1.0.3):
    - TapSwiftFixesV2/CoreGraphics (= 1.0.3)
    - TapSwiftFixesV2/Exceptions (= 1.0.3)
    - TapSwiftFixesV2/Threading (= 1.0.3)
  - TapSwiftFixesV2/CoreGraphics (1.0.3)
  - TapSwiftFixesV2/Exceptions (1.0.3)
  - TapSwiftFixesV2/Threading (1.0.3)

DEPENDENCIES:
  - TapSwiftFixesV2

SPEC REPOS:
  trunk:
    - TapSwiftFixesV2

SPEC CHECKSUMS:
  TapSwiftFixesV2: ea726f752b6259d9e44624039fd6bad94b2a8633

PODFILE CHECKSUM: f39500a307c33bf4213a26bf7b8eb48088b1950c

COCOAPODS: 1.12.1
