PODS:
  - TapSwiftFixes (1.0.9):
    - TapSwiftFixes/CoreGraphics (= 1.0.9)
    - TapSwiftFixes/Exceptions (= 1.0.9)
    - TapSwiftFixes/Threading (= 1.0.9)
  - TapSwiftFixes/CoreGraphics (1.0.9)
  - TapSwiftFixes/Exceptions (1.0.9)
  - TapSwiftFixes/Threading (1.0.9)

DEPENDENCIES:
  - TapSwiftFixes

SPEC REPOS:
  trunk:
    - TapSwiftFixes

SPEC CHECKSUMS:
  TapSwiftFixes: db2aeb21942dd81ee051a31ed319dab0d03547a2

PODFILE CHECKSUM: cbe5430f754387d441c5e13e36c1c830c8bb31b7

COCOAPODS: 1.12.1
