PODS:
  - TapSwiftFixesV2 (1.0.2):
    - TapSwiftFixesV2/CoreGraphics (= 1.0.2)
    - TapSwiftFixesV2/Exceptions (= 1.0.2)
    - TapSwiftFixesV2/Threading (= 1.0.2)
  - TapSwiftFixesV2/CoreGraphics (1.0.2)
  - TapSwiftFixesV2/Exceptions (1.0.2)
  - TapSwiftFixesV2/Threading (1.0.2)

DEPENDENCIES:
  - TapSwiftFixesV2

SPEC REPOS:
  trunk:
    - TapSwiftFixesV2

SPEC CHECKSUMS:
  TapSwiftFixesV2: ae0fb37e42be6ed389fdfc50d72abb5da958ef5c

PODFILE CHECKSUM: ea221c9060ab71c943d6bb429c3275e94de9ba31

COCOAPODS: 1.12.1
